// !$*UTF8*$!
{
	archiveVersion = 1;
	classes = {
	};
	objectVersion = 50;
	objects = {

/* Begin PBXBuildFile section */
		6069579424F65C40009F2DD2 /* AppDelegate.swift in Sources */ = {isa = PBXBuildFile; fileRef = 6069579324F65C40009F2DD2 /* AppDelegate.swift */; };
		6069579624F65C40009F2DD2 /* SceneDelegate.swift in Sources */ = {isa = PBXBuildFile; fileRef = 6069579524F65C40009F2DD2 /* SceneDelegate.swift */; };
		6069579824F65C40009F2DD2 /* ViewController.swift in Sources */ = {isa = PBXBuildFile; fileRef = 6069579724F65C40009F2DD2 /* ViewController.swift */; };
		6069579B24F65C40009F2DD2 /* Main.storyboard in Resources */ = {isa = PBXBuildFile; fileRef = 6069579924F65C40009F2DD2 /* Main.storyboard */; };
		6069579E24F65C40009F2DD2 /* ZomatoWidgetRestaurant.xcdatamodeld in Sources */ = {isa = PBXBuildFile; fileRef = 6069579C24F65C40009F2DD2 /* ZomatoWidgetRestaurant.xcdatamodeld */; };
		606957A024F65C43009F2DD2 /* Assets.xcassets in Resources */ = {isa = PBXBuildFile; fileRef = 6069579F24F65C43009F2DD2 /* Assets.xcassets */; };
		606957A324F65C43009F2DD2 /* LaunchScreen.storyboard in Resources */ = {isa = PBXBuildFile; fileRef = 606957A124F65C43009F2DD2 /* LaunchScreen.storyboard */; };
		606957AE24F65C43009F2DD2 /* ZomatoWidgetRestaurantTests.swift in Sources */ = {isa = PBXBuildFile; fileRef = 606957AD24F65C43009F2DD2 /* ZomatoWidgetRestaurantTests.swift */; };
		606957B924F65C43009F2DD2 /* ZomatoWidgetRestaurantUITests.swift in Sources */ = {isa = PBXBuildFile; fileRef = 606957B824F65C43009F2DD2 /* ZomatoWidgetRestaurantUITests.swift */; };
		606957CE24F65D82009F2DD2 /* Location.swift in Sources */ = {isa = PBXBuildFile; fileRef = 606957C724F65D82009F2DD2 /* Location.swift */; };
		606957CF24F65D82009F2DD2 /* Review.swift in Sources */ = {isa = PBXBuildFile; fileRef = 606957C824F65D82009F2DD2 /* Review.swift */; };
		606957D024F65D82009F2DD2 /* Search.swift in Sources */ = {isa = PBXBuildFile; fileRef = 606957C924F65D82009F2DD2 /* Search.swift */; };
		606957D124F65D82009F2DD2 /* City.swift in Sources */ = {isa = PBXBuildFile; fileRef = 606957CA24F65D82009F2DD2 /* City.swift */; };
		606957D224F65D82009F2DD2 /* Restaurant.swift in Sources */ = {isa = PBXBuildFile; fileRef = 606957CB24F65D82009F2DD2 /* Restaurant.swift */; };
		606957D324F65D82009F2DD2 /* User.swift in Sources */ = {isa = PBXBuildFile; fileRef = 606957CC24F65D82009F2DD2 /* User.swift */; };
		606957D424F65D82009F2DD2 /* Photo.swift in Sources */ = {isa = PBXBuildFile; fileRef = 606957CD24F65D82009F2DD2 /* Photo.swift */; };
		606957DA24F66052009F2DD2 /* RestaurantCell.swift in Sources */ = {isa = PBXBuildFile; fileRef = 606957D924F66052009F2DD2 /* RestaurantCell.swift */; };
		606957DC24F6606D009F2DD2 /* RestaurantCell.xib in Resources */ = {isa = PBXBuildFile; fileRef = 606957DB24F6606D009F2DD2 /* RestaurantCell.xib */; };
		60F468DE24F820C800A866C4 /* ZomatoApi.swift in Sources */ = {isa = PBXBuildFile; fileRef = 60F468DD24F820C800A866C4 /* ZomatoApi.swift */; };
/* End PBXBuildFile section */

/* Begin PBXContainerItemProxy section */
		606957AA24F65C43009F2DD2 /* PBXContainerItemProxy */ = {
			isa = PBXContainerItemProxy;
			containerPortal = 6069578824F65C40009F2DD2 /* Project object */;
			proxyType = 1;
			remoteGlobalIDString = 6069578F24F65C40009F2DD2;
			remoteInfo = ZomatoWidgetRestaurant;
		};
		606957B524F65C43009F2DD2 /* PBXContainerItemProxy */ = {
			isa = PBXContainerItemProxy;
			containerPortal = 6069578824F65C40009F2DD2 /* Project object */;
			proxyType = 1;
			remoteGlobalIDString = 6069578F24F65C40009F2DD2;
			remoteInfo = ZomatoWidgetRestaurant;
		};
/* End PBXContainerItemProxy section */

/* Begin PBXFileReference section */
		6069579024F65C40009F2DD2 /* ZomatoWidgetRestaurant.app */ = {isa = PBXFileReference; explicitFileType = wrapper.application; includeInIndex = 0; path = ZomatoWidgetRestaurant.app; sourceTree = BUILT_PRODUCTS_DIR; };
		6069579324F65C40009F2DD2 /* AppDelegate.swift */ = {isa = PBXFileReference; lastKnownFileType = sourcecode.swift; path = AppDelegate.swift; sourceTree = "<group>"; };
		6069579524F65C40009F2DD2 /* SceneDelegate.swift */ = {isa = PBXFileReference; lastKnownFileType = sourcecode.swift; path = SceneDelegate.swift; sourceTree = "<group>"; };
		6069579724F65C40009F2DD2 /* ViewController.swift */ = {isa = PBXFileReference; lastKnownFileType = sourcecode.swift; path = ViewController.swift; sourceTree = "<group>"; };
		6069579A24F65C40009F2DD2 /* Base */ = {isa = PBXFileReference; lastKnownFileType = file.storyboard; name = Base; path = Base.lproj/Main.storyboard; sourceTree = "<group>"; };
		6069579D24F65C40009F2DD2 /* ZomatoWidgetRestaurant.xcdatamodel */ = {isa = PBXFileReference; lastKnownFileType = wrapper.xcdatamodel; path = ZomatoWidgetRestaurant.xcdatamodel; sourceTree = "<group>"; };
		6069579F24F65C43009F2DD2 /* Assets.xcassets */ = {isa = PBXFileReference; lastKnownFileType = folder.assetcatalog; path = Assets.xcassets; sourceTree = "<group>"; };
		606957A224F65C43009F2DD2 /* Base */ = {isa = PBXFileReference; lastKnownFileType = file.storyboard; name = Base; path = Base.lproj/LaunchScreen.storyboard; sourceTree = "<group>"; };
		606957A424F65C43009F2DD2 /* Info.plist */ = {isa = PBXFileReference; lastKnownFileType = text.plist.xml; path = Info.plist; sourceTree = "<group>"; };
		606957A924F65C43009F2DD2 /* ZomatoWidgetRestaurantTests.xctest */ = {isa = PBXFileReference; explicitFileType = wrapper.cfbundle; includeInIndex = 0; path = ZomatoWidgetRestaurantTests.xctest; sourceTree = BUILT_PRODUCTS_DIR; };
		606957AD24F65C43009F2DD2 /* ZomatoWidgetRestaurantTests.swift */ = {isa = PBXFileReference; lastKnownFileType = sourcecode.swift; path = ZomatoWidgetRestaurantTests.swift; sourceTree = "<group>"; };
		606957AF24F65C43009F2DD2 /* Info.plist */ = {isa = PBXFileReference; lastKnownFileType = text.plist.xml; path = Info.plist; sourceTree = "<group>"; };
		606957B424F65C43009F2DD2 /* ZomatoWidgetRestaurantUITests.xctest */ = {isa = PBXFileReference; explicitFileType = wrapper.cfbundle; includeInIndex = 0; path = ZomatoWidgetRestaurantUITests.xctest; sourceTree = BUILT_PRODUCTS_DIR; };
		606957B824F65C43009F2DD2 /* ZomatoWidgetRestaurantUITests.swift */ = {isa = PBXFileReference; lastKnownFileType = sourcecode.swift; path = ZomatoWidgetRestaurantUITests.swift; sourceTree = "<group>"; };
		606957BA24F65C43009F2DD2 /* Info.plist */ = {isa = PBXFileReference; lastKnownFileType = text.plist.xml; path = Info.plist; sourceTree = "<group>"; };
		606957C724F65D82009F2DD2 /* Location.swift */ = {isa = PBXFileReference; fileEncoding = 4; lastKnownFileType = sourcecode.swift; path = Location.swift; sourceTree = "<group>"; };
		606957C824F65D82009F2DD2 /* Review.swift */ = {isa = PBXFileReference; fileEncoding = 4; lastKnownFileType = sourcecode.swift; path = Review.swift; sourceTree = "<group>"; };
		606957C924F65D82009F2DD2 /* Search.swift */ = {isa = PBXFileReference; fileEncoding = 4; lastKnownFileType = sourcecode.swift; path = Search.swift; sourceTree = "<group>"; };
		606957CA24F65D82009F2DD2 /* City.swift */ = {isa = PBXFileReference; fileEncoding = 4; lastKnownFileType = sourcecode.swift; path = City.swift; sourceTree = "<group>"; };
		606957CB24F65D82009F2DD2 /* Restaurant.swift */ = {isa = PBXFileReference; fileEncoding = 4; lastKnownFileType = sourcecode.swift; path = Restaurant.swift; sourceTree = "<group>"; };
		606957CC24F65D82009F2DD2 /* User.swift */ = {isa = PBXFileReference; fileEncoding = 4; lastKnownFileType = sourcecode.swift; path = User.swift; sourceTree = "<group>"; };
		606957CD24F65D82009F2DD2 /* Photo.swift */ = {isa = PBXFileReference; fileEncoding = 4; lastKnownFileType = sourcecode.swift; path = Photo.swift; sourceTree = "<group>"; };
		606957D924F66052009F2DD2 /* RestaurantCell.swift */ = {isa = PBXFileReference; lastKnownFileType = sourcecode.swift; path = RestaurantCell.swift; sourceTree = "<group>"; };
		606957DB24F6606D009F2DD2 /* RestaurantCell.xib */ = {isa = PBXFileReference; lastKnownFileType = file.xib; path = RestaurantCell.xib; sourceTree = "<group>"; };
		60F468DD24F820C800A866C4 /* ZomatoApi.swift */ = {isa = PBXFileReference; lastKnownFileType = sourcecode.swift; path = ZomatoApi.swift; sourceTree = "<group>"; };
/* End PBXFileReference section */

/* Begin PBXFrameworksBuildPhase section */
		6069578D24F65C40009F2DD2 /* Frameworks */ = {
			isa = PBXFrameworksBuildPhase;
			buildActionMask = 2147483647;
			files = (
			);
			runOnlyForDeploymentPostprocessing = 0;
		};
		606957A624F65C43009F2DD2 /* Frameworks */ = {
			isa = PBXFrameworksBuildPhase;
			buildActionMask = 2147483647;
			files = (
			);
			runOnlyForDeploymentPostprocessing = 0;
		};
		606957B124F65C43009F2DD2 /* Frameworks */ = {
			isa = PBXFrameworksBuildPhase;
			buildActionMask = 2147483647;
			files = (
			);
			runOnlyForDeploymentPostprocessing = 0;
		};
/* End PBXFrameworksBuildPhase section */

/* Begin PBXGroup section */
		6069578724F65C40009F2DD2 = {
			isa = PBXGroup;
			children = (
				6069579224F65C40009F2DD2 /* ZomatoWidgetRestaurant */,
				606957AC24F65C43009F2DD2 /* ZomatoWidgetRestaurantTests */,
				606957B724F65C43009F2DD2 /* ZomatoWidgetRestaurantUITests */,
				6069579124F65C40009F2DD2 /* Products */,
			);
			sourceTree = "<group>";
		};
		6069579124F65C40009F2DD2 /* Products */ = {
			isa = PBXGroup;
			children = (
				6069579024F65C40009F2DD2 /* ZomatoWidgetRestaurant.app */,
				606957A924F65C43009F2DD2 /* ZomatoWidgetRestaurantTests.xctest */,
				606957B424F65C43009F2DD2 /* ZomatoWidgetRestaurantUITests.xctest */,
			);
			name = Products;
			sourceTree = "<group>";
		};
		6069579224F65C40009F2DD2 /* ZomatoWidgetRestaurant */ = {
			isa = PBXGroup;
			children = (
				60F468DC24F820B100A866C4 /* Interactor */,
				606957D624F65FC8009F2DD2 /* ViewModel */,
				606957D524F65DB2009F2DD2 /* ViewController */,
				606957C624F65D39009F2DD2 /* Models */,
				6069579324F65C40009F2DD2 /* AppDelegate.swift */,
				6069579524F65C40009F2DD2 /* SceneDelegate.swift */,
				6069579924F65C40009F2DD2 /* Main.storyboard */,
				6069579F24F65C43009F2DD2 /* Assets.xcassets */,
				606957A124F65C43009F2DD2 /* LaunchScreen.storyboard */,
				606957A424F65C43009F2DD2 /* Info.plist */,
				6069579C24F65C40009F2DD2 /* ZomatoWidgetRestaurant.xcdatamodeld */,
			);
			path = ZomatoWidgetRestaurant;
			sourceTree = "<group>";
		};
		606957AC24F65C43009F2DD2 /* ZomatoWidgetRestaurantTests */ = {
			isa = PBXGroup;
			children = (
				606957AD24F65C43009F2DD2 /* ZomatoWidgetRestaurantTests.swift */,
				606957AF24F65C43009F2DD2 /* Info.plist */,
			);
			path = ZomatoWidgetRestaurantTests;
			sourceTree = "<group>";
		};
		606957B724F65C43009F2DD2 /* ZomatoWidgetRestaurantUITests */ = {
			isa = PBXGroup;
			children = (
				606957B824F65C43009F2DD2 /* ZomatoWidgetRestaurantUITests.swift */,
				606957BA24F65C43009F2DD2 /* Info.plist */,
			);
			path = ZomatoWidgetRestaurantUITests;
			sourceTree = "<group>";
		};
		606957C624F65D39009F2DD2 /* Models */ = {
			isa = PBXGroup;
			children = (
				606957CA24F65D82009F2DD2 /* City.swift */,
				606957C724F65D82009F2DD2 /* Location.swift */,
				606957CD24F65D82009F2DD2 /* Photo.swift */,
				606957CB24F65D82009F2DD2 /* Restaurant.swift */,
				606957C824F65D82009F2DD2 /* Review.swift */,
				606957C924F65D82009F2DD2 /* Search.swift */,
				606957CC24F65D82009F2DD2 /* User.swift */,
			);
			path = Models;
			sourceTree = "<group>";
		};
		606957D524F65DB2009F2DD2 /* ViewController */ = {
			isa = PBXGroup;
			children = (
				6069579724F65C40009F2DD2 /* ViewController.swift */,
			);
			path = ViewController;
			sourceTree = "<group>";
		};
		606957D624F65FC8009F2DD2 /* ViewModel */ = {
			isa = PBXGroup;
			children = (
				606957D924F66052009F2DD2 /* RestaurantCell.swift */,
				606957DB24F6606D009F2DD2 /* RestaurantCell.xib */,
			);
			path = ViewModel;
			sourceTree = "<group>";
		};
		60F468DC24F820B100A866C4 /* Interactor */ = {
			isa = PBXGroup;
			children = (
				60F468DD24F820C800A866C4 /* ZomatoApi.swift */,
			);
			path = Interactor;
			sourceTree = "<group>";
		};
/* End PBXGroup section */

/* Begin PBXNativeTarget section */
		6069578F24F65C40009F2DD2 /* ZomatoWidgetRestaurant */ = {
			isa = PBXNativeTarget;
			buildConfigurationList = 606957BD24F65C43009F2DD2 /* Build configuration list for PBXNativeTarget "ZomatoWidgetRestaurant" */;
			buildPhases = (
				6069578C24F65C40009F2DD2 /* Sources */,
				6069578D24F65C40009F2DD2 /* Frameworks */,
				6069578E24F65C40009F2DD2 /* Resources */,
			);
			buildRules = (
			);
			dependencies = (
			);
			name = ZomatoWidgetRestaurant;
			productName = ZomatoWidgetRestaurant;
			productReference = 6069579024F65C40009F2DD2 /* ZomatoWidgetRestaurant.app */;
			productType = "com.apple.product-type.application";
		};
		606957A824F65C43009F2DD2 /* ZomatoWidgetRestaurantTests */ = {
			isa = PBXNativeTarget;
			buildConfigurationList = 606957C024F65C43009F2DD2 /* Build configuration list for PBXNativeTarget "ZomatoWidgetRestaurantTests" */;
			buildPhases = (
				606957A524F65C43009F2DD2 /* Sources */,
				606957A624F65C43009F2DD2 /* Frameworks */,
				606957A724F65C43009F2DD2 /* Resources */,
			);
			buildRules = (
			);
			dependencies = (
				606957AB24F65C43009F2DD2 /* PBXTargetDependency */,
			);
			name = ZomatoWidgetRestaurantTests;
			productName = ZomatoWidgetRestaurantTests;
			productReference = 606957A924F65C43009F2DD2 /* ZomatoWidgetRestaurantTests.xctest */;
			productType = "com.apple.product-type.bundle.unit-test";
		};
		606957B324F65C43009F2DD2 /* ZomatoWidgetRestaurantUITests */ = {
			isa = PBXNativeTarget;
			buildConfigurationList = 606957C324F65C43009F2DD2 /* Build configuration list for PBXNativeTarget "ZomatoWidgetRestaurantUITests" */;
			buildPhases = (
				606957B024F65C43009F2DD2 /* Sources */,
				606957B124F65C43009F2DD2 /* Frameworks */,
				606957B224F65C43009F2DD2 /* Resources */,
			);
			buildRules = (
			);
			dependencies = (
				606957B624F65C43009F2DD2 /* PBXTargetDependency */,
			);
			name = ZomatoWidgetRestaurantUITests;
			productName = ZomatoWidgetRestaurantUITests;
			productReference = 606957B424F65C43009F2DD2 /* ZomatoWidgetRestaurantUITests.xctest */;
			productType = "com.apple.product-type.bundle.ui-testing";
		};
/* End PBXNativeTarget section */

/* Begin PBXProject section */
		6069578824F65C40009F2DD2 /* Project object */ = {
			isa = PBXProject;
			attributes = {
				LastSwiftUpdateCheck = 1130;
				LastUpgradeCheck = 1130;
				ORGANIZATIONNAME = "Amirthy Tejeshwar";
				TargetAttributes = {
					6069578F24F65C40009F2DD2 = {
						CreatedOnToolsVersion = 11.3.1;
					};
					606957A824F65C43009F2DD2 = {
						CreatedOnToolsVersion = 11.3.1;
						TestTargetID = 6069578F24F65C40009F2DD2;
					};
					606957B324F65C43009F2DD2 = {
						CreatedOnToolsVersion = 11.3.1;
						TestTargetID = 6069578F24F65C40009F2DD2;
					};
				};
			};
			buildConfigurationList = 6069578B24F65C40009F2DD2 /* Build configuration list for PBXProject "ZomatoWidgetRestaurant" */;
			compatibilityVersion = "Xcode 9.3";
			developmentRegion = en;
			hasScannedForEncodings = 0;
			knownRegions = (
				en,
				Base,
			);
			mainGroup = 6069578724F65C40009F2DD2;
			productRefGroup = 6069579124F65C40009F2DD2 /* Products */;
			projectDirPath = "";
			projectRoot = "";
			targets = (
				6069578F24F65C40009F2DD2 /* ZomatoWidgetRestaurant */,
				606957A824F65C43009F2DD2 /* ZomatoWidgetRestaurantTests */,
				606957B324F65C43009F2DD2 /* ZomatoWidgetRestaurantUITests */,
			);
		};
/* End PBXProject section */

/* Begin PBXResourcesBuildPhase section */
		6069578E24F65C40009F2DD2 /* Resources */ = {
			isa = PBXResourcesBuildPhase;
			buildActionMask = 2147483647;
			files = (
				606957DC24F6606D009F2DD2 /* RestaurantCell.xib in Resources */,
				606957A324F65C43009F2DD2 /* LaunchScreen.storyboard in Resources */,
				606957A024F65C43009F2DD2 /* Assets.xcassets in Resources */,
				6069579B24F65C40009F2DD2 /* Main.storyboard in Resources */,
			);
			runOnlyForDeploymentPostprocessing = 0;
		};
		606957A724F65C43009F2DD2 /* Resources */ = {
			isa = PBXResourcesBuildPhase;
			buildActionMask = 2147483647;
			files = (
			);
			runOnlyForDeploymentPostprocessing = 0;
		};
		606957B224F65C43009F2DD2 /* Resources */ = {
			isa = PBXResourcesBuildPhase;
			buildActionMask = 2147483647;
			files = (
			);
			runOnlyForDeploymentPostprocessing = 0;
		};
/* End PBXResourcesBuildPhase section */

/* Begin PBXSourcesBuildPhase section */
		6069578C24F65C40009F2DD2 /* Sources */ = {
			isa = PBXSourcesBuildPhase;
			buildActionMask = 2147483647;
			files = (
				606957DA24F66052009F2DD2 /* RestaurantCell.swift in Sources */,
				6069579824F65C40009F2DD2 /* ViewController.swift in Sources */,
				6069579424F65C40009F2DD2 /* AppDelegate.swift in Sources */,
				606957CE24F65D82009F2DD2 /* Location.swift in Sources */,
				6069579E24F65C40009F2DD2 /* ZomatoWidgetRestaurant.xcdatamodeld in Sources */,
				6069579624F65C40009F2DD2 /* SceneDelegate.swift in Sources */,
				606957CF24F65D82009F2DD2 /* Review.swift in Sources */,
				606957D124F65D82009F2DD2 /* City.swift in Sources */,
				606957D424F65D82009F2DD2 /* Photo.swift in Sources */,
				606957D024F65D82009F2DD2 /* Search.swift in Sources */,
				60F468DE24F820C800A866C4 /* ZomatoApi.swift in Sources */,
				606957D324F65D82009F2DD2 /* User.swift in Sources */,
				606957D224F65D82009F2DD2 /* Restaurant.swift in Sources */,
			);
			runOnlyForDeploymentPostprocessing = 0;
		};
		606957A524F65C43009F2DD2 /* Sources */ = {
			isa = PBXSourcesBuildPhase;
			buildActionMask = 2147483647;
			files = (
				606957AE24F65C43009F2DD2 /* ZomatoWidgetRestaurantTests.swift in Sources */,
			);
			runOnlyForDeploymentPostprocessing = 0;
		};
		606957B024F65C43009F2DD2 /* Sources */ = {
			isa = PBXSourcesBuildPhase;
			buildActionMask = 2147483647;
			files = (
				606957B924F65C43009F2DD2 /* ZomatoWidgetRestaurantUITests.swift in Sources */,
			);
			runOnlyForDeploymentPostprocessing = 0;
		};
/* End PBXSourcesBuildPhase section */

/* Begin PBXTargetDependency section */
		606957AB24F65C43009F2DD2 /* PBXTargetDependency */ = {
			isa = PBXTargetDependency;
			target = 6069578F24F65C40009F2DD2 /* ZomatoWidgetRestaurant */;
			targetProxy = 606957AA24F65C43009F2DD2 /* PBXContainerItemProxy */;
		};
		606957B624F65C43009F2DD2 /* PBXTargetDependency */ = {
			isa = PBXTargetDependency;
			target = 6069578F24F65C40009F2DD2 /* ZomatoWidgetRestaurant */;
			targetProxy = 606957B524F65C43009F2DD2 /* PBXContainerItemProxy */;
		};
/* End PBXTargetDependency section */

/* Begin PBXVariantGroup section */
		6069579924F65C40009F2DD2 /* Main.storyboard */ = {
			isa = PBXVariantGroup;
			children = (
				6069579A24F65C40009F2DD2 /* Base */,
			);
			name = Main.storyboard;
			sourceTree = "<group>";
		};
		606957A124F65C43009F2DD2 /* LaunchScreen.storyboard */ = {
			isa = PBXVariantGroup;
			children = (
				606957A224F65C43009F2DD2 /* Base */,
			);
			name = LaunchScreen.storyboard;
			sourceTree = "<group>";
		};
/* End PBXVariantGroup section */

/* Begin XCBuildConfiguration section */
		606957BB24F65C43009F2DD2 /* Debug */ = {
			isa = XCBuildConfiguration;
			buildSettings = {
				ALWAYS_SEARCH_USER_PATHS = NO;
				CLANG_ANALYZER_NONNULL = YES;
				CLANG_ANALYZER_NUMBER_OBJECT_CONVERSION = YES_AGGRESSIVE;
				CLANG_CXX_LANGUAGE_STANDARD = "gnu++14";
				CLANG_CXX_LIBRARY = "libc++";
				CLANG_ENABLE_MODULES = YES;
				CLANG_ENABLE_OBJC_ARC = YES;
				CLANG_ENABLE_OBJC_WEAK = YES;
				CLANG_WARN_BLOCK_CAPTURE_AUTORELEASING = YES;
				CLANG_WARN_BOOL_CONVERSION = YES;
				CLANG_WARN_COMMA = YES;
				CLANG_WARN_CONSTANT_CONVERSION = YES;
				CLANG_WARN_DEPRECATED_OBJC_IMPLEMENTATIONS = YES;
				CLANG_WARN_DIRECT_OBJC_ISA_USAGE = YES_ERROR;
				CLANG_WARN_DOCUMENTATION_COMMENTS = YES;
				CLANG_WARN_EMPTY_BODY = YES;
				CLANG_WARN_ENUM_CONVERSION = YES;
				CLANG_WARN_INFINITE_RECURSION = YES;
				CLANG_WARN_INT_CONVERSION = YES;
				CLANG_WARN_NON_LITERAL_NULL_CONVERSION = YES;
				CLANG_WARN_OBJC_IMPLICIT_RETAIN_SELF = YES;
				CLANG_WARN_OBJC_LITERAL_CONVERSION = YES;
				CLANG_WARN_OBJC_ROOT_CLASS = YES_ERROR;
				CLANG_WARN_RANGE_LOOP_ANALYSIS = YES;
				CLANG_WARN_STRICT_PROTOTYPES = YES;
				CLANG_WARN_SUSPICIOUS_MOVE = YES;
				CLANG_WARN_UNGUARDED_AVAILABILITY = YES_AGGRESSIVE;
				CLANG_WARN_UNREACHABLE_CODE = YES;
				CLANG_WARN__DUPLICATE_METHOD_MATCH = YES;
				COPY_PHASE_STRIP = NO;
				DEBUG_INFORMATION_FORMAT = dwarf;
				ENABLE_STRICT_OBJC_MSGSEND = YES;
				ENABLE_TESTABILITY = YES;
				GCC_C_LANGUAGE_STANDARD = gnu11;
				GCC_DYNAMIC_NO_PIC = NO;
				GCC_NO_COMMON_BLOCKS = YES;
				GCC_OPTIMIZATION_LEVEL = 0;
				GCC_PREPROCESSOR_DEFINITIONS = (
					"DEBUG=1",
					"$(inherited)",
				);
				GCC_WARN_64_TO_32_BIT_CONVERSION = YES;
				GCC_WARN_ABOUT_RETURN_TYPE = YES_ERROR;
				GCC_WARN_UNDECLARED_SELECTOR = YES;
				GCC_WARN_UNINITIALIZED_AUTOS = YES_AGGRESSIVE;
				GCC_WARN_UNUSED_FUNCTION = YES;
				GCC_WARN_UNUSED_VARIABLE = YES;
				IPHONEOS_DEPLOYMENT_TARGET = 13.2;
				MTL_ENABLE_DEBUG_INFO = INCLUDE_SOURCE;
				MTL_FAST_MATH = YES;
				ONLY_ACTIVE_ARCH = YES;
				SDKROOT = iphoneos;
				SWIFT_ACTIVE_COMPILATION_CONDITIONS = DEBUG;
				SWIFT_OPTIMIZATION_LEVEL = "-Onone";
			};
			name = Debug;
		};
		606957BC24F65C43009F2DD2 /* Release */ = {
			isa = XCBuildConfiguration;
			buildSettings = {
				ALWAYS_SEARCH_USER_PATHS = NO;
				CLANG_ANALYZER_NONNULL = YES;
				CLANG_ANALYZER_NUMBER_OBJECT_CONVERSION = YES_AGGRESSIVE;
				CLANG_CXX_LANGUAGE_STANDARD = "gnu++14";
				CLANG_CXX_LIBRARY = "libc++";
				CLANG_ENABLE_MODULES = YES;
				CLANG_ENABLE_OBJC_ARC = YES;
				CLANG_ENABLE_OBJC_WEAK = YES;
				CLANG_WARN_BLOCK_CAPTURE_AUTORELEASING = YES;
				CLANG_WARN_BOOL_CONVERSION = YES;
				CLANG_WARN_COMMA = YES;
				CLANG_WARN_CONSTANT_CONVERSION = YES;
				CLANG_WARN_DEPRECATED_OBJC_IMPLEMENTATIONS = YES;
				CLANG_WARN_DIRECT_OBJC_ISA_USAGE = YES_ERROR;
				CLANG_WARN_DOCUMENTATION_COMMENTS = YES;
				CLANG_WARN_EMPTY_BODY = YES;
				CLANG_WARN_ENUM_CONVERSION = YES;
				CLANG_WARN_INFINITE_RECURSION = YES;
				CLANG_WARN_INT_CONVERSION = YES;
				CLANG_WARN_NON_LITERAL_NULL_CONVERSION = YES;
				CLANG_WARN_OBJC_IMPLICIT_RETAIN_SELF = YES;
				CLANG_WARN_OBJC_LITERAL_CONVERSION = YES;
				CLANG_WARN_OBJC_ROOT_CLASS = YES_ERROR;
				CLANG_WARN_RANGE_LOOP_ANALYSIS = YES;
				CLANG_WARN_STRICT_PROTOTYPES = YES;
				CLANG_WARN_SUSPICIOUS_MOVE = YES;
				CLANG_WARN_UNGUARDED_AVAILABILITY = YES_AGGRESSIVE;
				CLANG_WARN_UNREACHABLE_CODE = YES;
				CLANG_WARN__DUPLICATE_METHOD_MATCH = YES;
				COPY_PHASE_STRIP = NO;
				DEBUG_INFORMATION_FORMAT = "dwarf-with-dsym";
				ENABLE_NS_ASSERTIONS = NO;
				ENABLE_STRICT_OBJC_MSGSEND = YES;
				GCC_C_LANGUAGE_STANDARD = gnu11;
				GCC_NO_COMMON_BLOCKS = YES;
				GCC_WARN_64_TO_32_BIT_CONVERSION = YES;
				GCC_WARN_ABOUT_RETURN_TYPE = YES_ERROR;
				GCC_WARN_UNDECLARED_SELECTOR = YES;
				GCC_WARN_UNINITIALIZED_AUTOS = YES_AGGRESSIVE;
				GCC_WARN_UNUSED_FUNCTION = YES;
				GCC_WARN_UNUSED_VARIABLE = YES;
				IPHONEOS_DEPLOYMENT_TARGET = 13.2;
				MTL_ENABLE_DEBUG_INFO = NO;
				MTL_FAST_MATH = YES;
				SDKROOT = iphoneos;
				SWIFT_COMPILATION_MODE = wholemodule;
				SWIFT_OPTIMIZATION_LEVEL = "-O";
				VALIDATE_PRODUCT = YES;
			};
			name = Release;
		};
		606957BE24F65C43009F2DD2 /* Debug */ = {
			isa = XCBuildConfiguration;
			buildSettings = {
				ASSETCATALOG_COMPILER_APPICON_NAME = AppIcon;
				CODE_SIGN_STYLE = Automatic;
				INFOPLIST_FILE = ZomatoWidgetRestaurant/Info.plist;
				LD_RUNPATH_SEARCH_PATHS = (
					"$(inherited)",
					"@executable_path/Frameworks",
				);
				PRODUCT_BUNDLE_IDENTIFIER = com.tejuamirthi.ZomatoWidgetRestaurant;
				PRODUCT_NAME = "$(TARGET_NAME)";
				SWIFT_VERSION = 5.0;
				TARGETED_DEVICE_FAMILY = "1,2";
			};
			name = Debug;
		};
		606957BF24F65C43009F2DD2 /* Release */ = {
			isa = XCBuildConfiguration;
			buildSettings = {
				ASSETCATALOG_COMPILER_APPICON_NAME = AppIcon;
				CODE_SIGN_STYLE = Automatic;
				INFOPLIST_FILE = ZomatoWidgetRestaurant/Info.plist;
				LD_RUNPATH_SEARCH_PATHS = (
					"$(inherited)",
					"@executable_path/Frameworks",
				);
				PRODUCT_BUNDLE_IDENTIFIER = com.tejuamirthi.ZomatoWidgetRestaurant;
				PRODUCT_NAME = "$(TARGET_NAME)";
				SWIFT_VERSION = 5.0;
				TARGETED_DEVICE_FAMILY = "1,2";
			};
			name = Release;
		};
		606957C124F65C43009F2DD2 /* Debug */ = {
			isa = XCBuildConfiguration;
			buildSettings = {
				ALWAYS_EMBED_SWIFT_STANDARD_LIBRARIES = YES;
				BUNDLE_LOADER = "$(TEST_HOST)";
				CODE_SIGN_STYLE = Automatic;
				INFOPLIST_FILE = ZomatoWidgetRestaurantTests/Info.plist;
				IPHONEOS_DEPLOYMENT_TARGET = 13.2;
				LD_RUNPATH_SEARCH_PATHS = (
					"$(inherited)",
					"@executable_path/Frameworks",
					"@loader_path/Frameworks",
				);
				PRODUCT_BUNDLE_IDENTIFIER = com.tejuamirthi.ZomatoWidgetRestaurantTests;
				PRODUCT_NAME = "$(TARGET_NAME)";
				SWIFT_VERSION = 5.0;
				TARGETED_DEVICE_FAMILY = "1,2";
				TEST_HOST = "$(BUILT_PRODUCTS_DIR)/ZomatoWidgetRestaurant.app/ZomatoWidgetRestaurant";
			};
			name = Debug;
		};
		606957C224F65C43009F2DD2 /* Release */ = {
			isa = XCBuildConfiguration;
			buildSettings = {
				ALWAYS_EMBED_SWIFT_STANDARD_LIBRARIES = YES;
				BUNDLE_LOADER = "$(TEST_HOST)";
				CODE_SIGN_STYLE = Automatic;
				INFOPLIST_FILE = ZomatoWidgetRestaurantTests/Info.plist;
				IPHONEOS_DEPLOYMENT_TARGET = 13.2;
				LD_RUNPATH_SEARCH_PATHS = (
					"$(inherited)",
					"@executable_path/Frameworks",
					"@loader_path/Frameworks",
				);
				PRODUCT_BUNDLE_IDENTIFIER = com.tejuamirthi.ZomatoWidgetRestaurantTests;
				PRODUCT_NAME = "$(TARGET_NAME)";
				SWIFT_VERSION = 5.0;
				TARGETED_DEVICE_FAMILY = "1,2";
				TEST_HOST = "$(BUILT_PRODUCTS_DIR)/ZomatoWidgetRestaurant.app/ZomatoWidgetRestaurant";
			};
			name = Release;
		};
		606957C424F65C43009F2DD2 /* Debug */ = {
			isa = XCBuildConfiguration;
			buildSettings = {
				ALWAYS_EMBED_SWIFT_STANDARD_LIBRARIES = YES;
				CODE_SIGN_STYLE = Automatic;
				INFOPLIST_FILE = ZomatoWidgetRestaurantUITests/Info.plist;
				LD_RUNPATH_SEARCH_PATHS = (
					"$(inherited)",
					"@executable_path/Frameworks",
					"@loader_path/Frameworks",
				);
				PRODUCT_BUNDLE_IDENTIFIER = com.tejuamirthi.ZomatoWidgetRestaurantUITests;
				PRODUCT_NAME = "$(TARGET_NAME)";
				SWIFT_VERSION = 5.0;
				TARGETED_DEVICE_FAMILY = "1,2";
				TEST_TARGET_NAME = ZomatoWidgetRestaurant;
			};
			name = Debug;
		};
		606957C524F65C43009F2DD2 /* Release */ = {
			isa = XCBuildConfiguration;
			buildSettings = {
				ALWAYS_EMBED_SWIFT_STANDARD_LIBRARIES = YES;
				CODE_SIGN_STYLE = Automatic;
				INFOPLIST_FILE = ZomatoWidgetRestaurantUITests/Info.plist;
				LD_RUNPATH_SEARCH_PATHS = (
					"$(inherited)",
					"@executable_path/Frameworks",
					"@loader_path/Frameworks",
				);
				PRODUCT_BUNDLE_IDENTIFIER = com.tejuamirthi.ZomatoWidgetRestaurantUITests;
				PRODUCT_NAME = "$(TARGET_NAME)";
				SWIFT_VERSION = 5.0;
				TARGETED_DEVICE_FAMILY = "1,2";
				TEST_TARGET_NAME = ZomatoWidgetRestaurant;
			};
			name = Release;
		};
/* End XCBuildConfiguration section */

/* Begin XCConfigurationList section */
		6069578B24F65C40009F2DD2 /* Build configuration list for PBXProject "ZomatoWidgetRestaurant" */ = {
			isa = XCConfigurationList;
			buildConfigurations = (
				606957BB24F65C43009F2DD2 /* Debug */,
				606957BC24F65C43009F2DD2 /* Release */,
			);
			defaultConfigurationIsVisible = 0;
			defaultConfigurationName = Release;
		};
		606957BD24F65C43009F2DD2 /* Build configuration list for PBXNativeTarget "ZomatoWidgetRestaurant" */ = {
			isa = XCConfigurationList;
			buildConfigurations = (
				606957BE24F65C43009F2DD2 /* Debug */,
				606957BF24F65C43009F2DD2 /* Release */,
			);
			defaultConfigurationIsVisible = 0;
			defaultConfigurationName = Release;
		};
		606957C024F65C43009F2DD2 /* Build configuration list for PBXNativeTarget "ZomatoWidgetRestaurantTests" */ = {
			isa = XCConfigurationList;
			buildConfigurations = (
				606957C124F65C43009F2DD2 /* Debug */,
				606957C224F65C43009F2DD2 /* Release */,
			);
			defaultConfigurationIsVisible = 0;
			defaultConfigurationName = Release;
		};
		606957C324F65C43009F2DD2 /* Build configuration list for PBXNativeTarget "ZomatoWidgetRestaurantUITests" */ = {
			isa = XCConfigurationList;
			buildConfigurations = (
				606957C424F65C43009F2DD2 /* Debug */,
				606957C524F65C43009F2DD2 /* Release */,
			);
			defaultConfigurationIsVisible = 0;
			defaultConfigurationName = Release;
		};
/* End XCConfigurationList section */

/* Begin XCVersionGroup section */
		6069579C24F65C40009F2DD2 /* ZomatoWidgetRestaurant.xcdatamodeld */ = {
			isa = XCVersionGroup;
			children = (
				6069579D24F65C40009F2DD2 /* ZomatoWidgetRestaurant.xcdatamodel */,
			);
			currentVersion = 6069579D24F65C40009F2DD2 /* ZomatoWidgetRestaurant.xcdatamodel */;
			path = ZomatoWidgetRestaurant.xcdatamodeld;
			sourceTree = "<group>";
			versionGroupType = wrapper.xcdatamodel;
		};
/* End XCVersionGroup section */
	};
	rootObject = 6069578824F65C40009F2DD2 /* Project object */;
}
